Microsoft Visual Studio Solution File, Format Version 12.00
# Visual Studio Version 16
VisualStudioVersion = 16.0.31424.327
MinimumVisualStudioVersion = 10.0.40219.1
Project("{FAE04EC0-301F-11D3-BF4B-00C04F79EFBC}") = "IO.Swagger", "src\IO.Swagger\IO.Swagger.csproj", "{BB5DDDF1-E8AF-41DE-8D64-A840E0F9B37E}"
EndProject
Project("{FAE04EC0-301F-11D3-BF4B-00C04F79EFBC}") = "IO.Swagger.Test", "src\IO.Swagger.Test\IO.Swagger.Test.csproj", "{19F1DEBC-DE5E-4517-8062-F000CD499087}"
EndProject
Project("{FAE04EC0-301F-11D3-BF4B-00C04F79EFBC}") = "MainApp", "MainApp\MainApp.csproj", "{D3DBF871-EE19-4059-A3C8-54A3EBBBC73C}"
EndProject
Global
	GlobalSection(SolutionConfigurationPlatforms) = preSolution
		Debug|Any CPU = Debug|Any CPU
		Release|Any CPU = Release|Any CPU
	EndGlobalSection
	GlobalSection(ProjectConfigurationPlatforms) = postSolution
		{BB5DDDF1-E8AF-41DE-8D64-A840E0F9B37E}.Debug|Any CPU.ActiveCfg = Debug|Any CPU
		{BB5DDDF1-E8AF-41DE-8D64-A840E0F9B37E}.Debug|Any CPU.Build.0 = Debug|Any CPU
		{BB5DDDF1-E8AF-41DE-8D64-A840E0F9B37E}.Release|Any CPU.ActiveCfg = Release|Any CPU
		{BB5DDDF1-E8AF-41DE-8D64-A840E0F9B37E}.Release|Any CPU.Build.0 = Release|Any CPU
		{19F1DEBC-DE5E-4517-8062-F000CD499087}.Debug|Any CPU.ActiveCfg = Debug|Any CPU
		{19F1DEBC-DE5E-4517-8062-F000CD499087}.Debug|Any CPU.Build.0 = Debug|Any CPU
		{19F1DEBC-DE5E-4517-8062-F000CD499087}.Release|Any CPU.ActiveCfg = Release|Any CPU
		{19F1DEBC-DE5E-4517-8062-F000CD499087}.Release|Any CPU.Build.0 = Release|Any CPU
		{D3DBF871-EE19-4059-A3C8-54A3EBBBC73C}.Debug|Any CPU.ActiveCfg = Debug|Any CPU
		{D3DBF871-EE19-4059-A3C8-54A3EBBBC73C}.Debug|Any CPU.Build.0 = Debug|Any CPU
		{D3DBF871-EE19-4059-A3C8-54A3EBBBC73C}.Release|Any CPU.ActiveCfg = Release|Any CPU
		{D3DBF871-EE19-4059-A3C8-54A3EBBBC73C}.Release|Any CPU.Build.0 = Release|Any CPU
	EndGlobalSection
	GlobalSection(SolutionProperties) = preSolution
		HideSolutionNode = FALSE
	EndGlobalSection
	GlobalSection(ExtensibilityGlobals) = postSolution
		SolutionGuid = {D716B4C4-649C-460B-92D9-78B0AC3917E6}
	EndGlobalSection
EndGlobal
